
Microsoft Visual Studio Solution File, Format Version 12.00
# Visual Studio 15
VisualStudioVersion = 15.0.28307.1082
MinimumVisualStudioVersion = 10.0.40219.1
Project("{FAE04EC0-301F-11D3-BF4B-00C04F79EFBC}") = "SIMSApi", "SIMSApi\SIMSApi.csproj", "{ED0840F2-6192-45FD-81CA-1F5006F040F3}"
EndProject
Global
	GlobalSection(SolutionConfigurationPlatforms) = preSolution
		Debug|Any CPU = Debug|Any CPU
		Release|Any CPU = Release|Any CPU
	EndGlobalSection
	GlobalSection(ProjectConfigurationPlatforms) = postSolution
		{ED0840F2-6192-45FD-81CA-1F5006F040F3}.Debug|Any CPU.ActiveCfg = Debug|Any CPU
		{ED0840F2-6192-45FD-81CA-1F5006F040F3}.Debug|Any CPU.Build.0 = Debug|Any CPU
		{ED0840F2-6192-45FD-81CA-1F5006F040F3}.Release|Any CPU.ActiveCfg = Release|Any CPU
		{ED0840F2-6192-45FD-81CA-1F5006F040F3}.Release|Any CPU.Build.0 = Release|Any CPU
	EndGlobalSection
	GlobalSection(SolutionProperties) = preSolution
		HideSolutionNode = FALSE
	EndGlobalSection
	GlobalSection(ExtensibilityGlobals) = postSolution
		SolutionGuid = {23C36377-1636-4A50-8179-0490F4C8B8AD}
	EndGlobalSection
EndGlobal
